
Microsoft Visual Studio Solution File, Format Version 12.00
# Visual Studio Version 17
Project("{2150E333-8FDC-42A3-9474-1A3956D46DE8}") = "CMakePredefinedTargets", "CMakePredefinedTargets", "{B6FAAAD1-683E-33DA-AAB5-3986C64C98CA}"
EndProject
Project("{2150E333-8FDC-42A3-9474-1A3956D46DE8}") = "External", "External", "{D573629E-5C31-3045-BE17-E175720B2AEE}"
EndProject
Project("{2150E333-8FDC-42A3-9474-1A3956D46DE8}") = "Internal", "Internal", "{5A0A4E9D-E365-315C-9650-9145376CD499}"
EndProject
Project("{2150E333-8FDC-42A3-9474-1A3956D46DE8}") = "Utils", "Utils", "{7DA6F3E5-2A65-3D55-9E03-678D769E80F1}"
EndProject
Project("{8BC9CEB8-8B4A-11D0-8D11-00A0C91BC942}") = "ALL_BUILD", "ALL_BUILD.vcxproj", "{33A71641-3599-3313-A367-EA5967668C30}"
	ProjectSection(ProjectDependencies) = postProject
		{8DD6A85E-CFE6-3EBF-8201-10C59AA499FC} = {8DD6A85E-CFE6-3EBF-8201-10C59AA499FC}
		{7E0C91FF-9248-3382-8C3F-A5D4B4FF2027} = {7E0C91FF-9248-3382-8C3F-A5D4B4FF2027}
		{E5CAE814-203F-3774-9B22-8739BBE312E1} = {E5CAE814-203F-3774-9B22-8739BBE312E1}
		{077D26E1-BD14-3878-8FCD-997CA5F10531} = {077D26E1-BD14-3878-8FCD-997CA5F10531}
		{E37EE406-853D-386A-8EDE-2C6A4A61C5AB} = {E37EE406-853D-386A-8EDE-2C6A4A61C5AB}
		{C9AA832B-CBAE-3609-81D3-4A2AB599E5F1} = {C9AA832B-CBAE-3609-81D3-4A2AB599E5F1}
		{DE618267-112D-3CF1-8834-17B82057C849} = {DE618267-112D-3CF1-8834-17B82057C849}
		{BB7A8562-77D7-35B1-B1BB-A859EBE7D4D9} = {BB7A8562-77D7-35B1-B1BB-A859EBE7D4D9}
		{B06FB5E7-A543-3B27-9AB4-B2DE35E9FA37} = {B06FB5E7-A543-3B27-9AB4-B2DE35E9FA37}
		{6FC9F8E6-3A85-320C-BB43-A2E21F672C9C} = {6FC9F8E6-3A85-320C-BB43-A2E21F672C9C}
		{10D951C2-ECBF-393F-BE91-3561D5255062} = {10D951C2-ECBF-393F-BE91-3561D5255062}
		{274761FE-F25D-36FE-8324-EE175ABE39A9} = {274761FE-F25D-36FE-8324-EE175ABE39A9}
		{DBD5025C-A756-3E49-B222-71BDE0742525} = {DBD5025C-A756-3E49-B222-71BDE0742525}
		{A191D4E0-4BAC-377C-8AFB-DF02927AEAA5} = {A191D4E0-4BAC-377C-8AFB-DF02927AEAA5}
		{DECE5AE9-338B-3F0C-986E-4C6E50FDFB7C} = {DECE5AE9-338B-3F0C-986E-4C6E50FDFB7C}
	EndProjectSection
EndProject
Project("{8BC9CEB8-8B4A-11D0-8D11-00A0C91BC942}") = "FlappyClone", "FlappyClone.vcxproj", "{8DD6A85E-CFE6-3EBF-8201-10C59AA499FC}"
	ProjectSection(ProjectDependencies) = postProject
		{7E0C91FF-9248-3382-8C3F-A5D4B4FF2027} = {7E0C91FF-9248-3382-8C3F-A5D4B4FF2027}
		{E5CAE814-203F-3774-9B22-8739BBE312E1} = {E5CAE814-203F-3774-9B22-8739BBE312E1}
		{077D26E1-BD14-3878-8FCD-997CA5F10531} = {077D26E1-BD14-3878-8FCD-997CA5F10531}
		{E37EE406-853D-386A-8EDE-2C6A4A61C5AB} = {E37EE406-853D-386A-8EDE-2C6A4A61C5AB}
		{C9AA832B-CBAE-3609-81D3-4A2AB599E5F1} = {C9AA832B-CBAE-3609-81D3-4A2AB599E5F1}
		{DE618267-112D-3CF1-8834-17B82057C849} = {DE618267-112D-3CF1-8834-17B82057C849}
		{BB7A8562-77D7-35B1-B1BB-A859EBE7D4D9} = {BB7A8562-77D7-35B1-B1BB-A859EBE7D4D9}
		{B06FB5E7-A543-3B27-9AB4-B2DE35E9FA37} = {B06FB5E7-A543-3B27-9AB4-B2DE35E9FA37}
		{6FC9F8E6-3A85-320C-BB43-A2E21F672C9C} = {6FC9F8E6-3A85-320C-BB43-A2E21F672C9C}
		{10D951C2-ECBF-393F-BE91-3561D5255062} = {10D951C2-ECBF-393F-BE91-3561D5255062}
		{274761FE-F25D-36FE-8324-EE175ABE39A9} = {274761FE-F25D-36FE-8324-EE175ABE39A9}
		{DBD5025C-A756-3E49-B222-71BDE0742525} = {DBD5025C-A756-3E49-B222-71BDE0742525}
		{A191D4E0-4BAC-377C-8AFB-DF02927AEAA5} = {A191D4E0-4BAC-377C-8AFB-DF02927AEAA5}
		{DECE5AE9-338B-3F0C-986E-4C6E50FDFB7C} = {DECE5AE9-338B-3F0C-986E-4C6E50FDFB7C}
	EndProjectSection
EndProject
Project("{8BC9CEB8-8B4A-11D0-8D11-00A0C91BC942}") = "SYNC_RESOURCE-FlappyClone", "SYNC_RESOURCE-FlappyClone.vcxproj", "{7E0C91FF-9248-3382-8C3F-A5D4B4FF2027}"
	ProjectSection(ProjectDependencies) = postProject
		{E5CAE814-203F-3774-9B22-8739BBE312E1} = {E5CAE814-203F-3774-9B22-8739BBE312E1}
	EndProjectSection
EndProject
Project("{8BC9CEB8-8B4A-11D0-8D11-00A0C91BC942}") = "ZERO_CHECK", "ZERO_CHECK.vcxproj", "{E5CAE814-203F-3774-9B22-8739BBE312E1}"
	ProjectSection(ProjectDependencies) = postProject
	EndProjectSection
EndProject
Project("{8BC9CEB8-8B4A-11D0-8D11-00A0C91BC942}") = "cocos2d", "engine\cocos\core\cocos2d.vcxproj", "{077D26E1-BD14-3878-8FCD-997CA5F10531}"
	ProjectSection(ProjectDependencies) = postProject
		{E5CAE814-203F-3774-9B22-8739BBE312E1} = {E5CAE814-203F-3774-9B22-8739BBE312E1}
		{E37EE406-853D-386A-8EDE-2C6A4A61C5AB} = {E37EE406-853D-386A-8EDE-2C6A4A61C5AB}
		{C9AA832B-CBAE-3609-81D3-4A2AB599E5F1} = {C9AA832B-CBAE-3609-81D3-4A2AB599E5F1}
		{DE618267-112D-3CF1-8834-17B82057C849} = {DE618267-112D-3CF1-8834-17B82057C849}
		{BB7A8562-77D7-35B1-B1BB-A859EBE7D4D9} = {BB7A8562-77D7-35B1-B1BB-A859EBE7D4D9}
		{B06FB5E7-A543-3B27-9AB4-B2DE35E9FA37} = {B06FB5E7-A543-3B27-9AB4-B2DE35E9FA37}
		{6FC9F8E6-3A85-320C-BB43-A2E21F672C9C} = {6FC9F8E6-3A85-320C-BB43-A2E21F672C9C}
		{10D951C2-ECBF-393F-BE91-3561D5255062} = {10D951C2-ECBF-393F-BE91-3561D5255062}
		{274761FE-F25D-36FE-8324-EE175ABE39A9} = {274761FE-F25D-36FE-8324-EE175ABE39A9}
		{DBD5025C-A756-3E49-B222-71BDE0742525} = {DBD5025C-A756-3E49-B222-71BDE0742525}
		{A191D4E0-4BAC-377C-8AFB-DF02927AEAA5} = {A191D4E0-4BAC-377C-8AFB-DF02927AEAA5}
		{DECE5AE9-338B-3F0C-986E-4C6E50FDFB7C} = {DECE5AE9-338B-3F0C-986E-4C6E50FDFB7C}
	EndProjectSection
EndProject
Project("{8BC9CEB8-8B4A-11D0-8D11-00A0C91BC942}") = "ext_clipper", "engine\external\clipper\ext_clipper.vcxproj", "{E37EE406-853D-386A-8EDE-2C6A4A61C5AB}"
	ProjectSection(ProjectDependencies) = postProject
		{E5CAE814-203F-3774-9B22-8739BBE312E1} = {E5CAE814-203F-3774-9B22-8739BBE312E1}
	EndProjectSection
EndProject
Project("{8BC9CEB8-8B4A-11D0-8D11-00A0C91BC942}") = "ext_convertUTF", "engine\external\ConvertUTF\ext_convertUTF.vcxproj", "{C9AA832B-CBAE-3609-81D3-4A2AB599E5F1}"
	ProjectSection(ProjectDependencies) = postProject
		{E5CAE814-203F-3774-9B22-8739BBE312E1} = {E5CAE814-203F-3774-9B22-8739BBE312E1}
	EndProjectSection
EndProject
Project("{8BC9CEB8-8B4A-11D0-8D11-00A0C91BC942}") = "ext_edtaa3func", "engine\external\edtaa3func\ext_edtaa3func.vcxproj", "{DE618267-112D-3CF1-8834-17B82057C849}"
	ProjectSection(ProjectDependencies) = postProject
		{E5CAE814-203F-3774-9B22-8739BBE312E1} = {E5CAE814-203F-3774-9B22-8739BBE312E1}
	EndProjectSection
EndProject
Project("{8BC9CEB8-8B4A-11D0-8D11-00A0C91BC942}") = "ext_md5", "engine\external\md5\ext_md5.vcxproj", "{BB7A8562-77D7-35B1-B1BB-A859EBE7D4D9}"
	ProjectSection(ProjectDependencies) = postProject
		{E5CAE814-203F-3774-9B22-8739BBE312E1} = {E5CAE814-203F-3774-9B22-8739BBE312E1}
	EndProjectSection
EndProject
Project("{8BC9CEB8-8B4A-11D0-8D11-00A0C91BC942}") = "ext_poly2tri", "engine\external\poly2tri\ext_poly2tri.vcxproj", "{B06FB5E7-A543-3B27-9AB4-B2DE35E9FA37}"
	ProjectSection(ProjectDependencies) = postProject
		{E5CAE814-203F-3774-9B22-8739BBE312E1} = {E5CAE814-203F-3774-9B22-8739BBE312E1}
	EndProjectSection
EndProject
Project("{8BC9CEB8-8B4A-11D0-8D11-00A0C91BC942}") = "ext_recast", "engine\external\recast\ext_recast.vcxproj", "{6FC9F8E6-3A85-320C-BB43-A2E21F672C9C}"
	ProjectSection(ProjectDependencies) = postProject
		{E5CAE814-203F-3774-9B22-8739BBE312E1} = {E5CAE814-203F-3774-9B22-8739BBE312E1}
	EndProjectSection
EndProject
Project("{8BC9CEB8-8B4A-11D0-8D11-00A0C91BC942}") = "ext_tinyxml2", "engine\external\tinyxml2\ext_tinyxml2.vcxproj", "{10D951C2-ECBF-393F-BE91-3561D5255062}"
	ProjectSection(ProjectDependencies) = postProject
		{E5CAE814-203F-3774-9B22-8739BBE312E1} = {E5CAE814-203F-3774-9B22-8739BBE312E1}
	EndProjectSection
EndProject
Project("{8BC9CEB8-8B4A-11D0-8D11-00A0C91BC942}") = "ext_unzip", "engine\external\unzip\ext_unzip.vcxproj", "{274761FE-F25D-36FE-8324-EE175ABE39A9}"
	ProjectSection(ProjectDependencies) = postProject
		{E5CAE814-203F-3774-9B22-8739BBE312E1} = {E5CAE814-203F-3774-9B22-8739BBE312E1}
	EndProjectSection
EndProject
Project("{8BC9CEB8-8B4A-11D0-8D11-00A0C91BC942}") = "ext_xxhash", "engine\external\xxhash\ext_xxhash.vcxproj", "{DBD5025C-A756-3E49-B222-71BDE0742525}"
	ProjectSection(ProjectDependencies) = postProject
		{E5CAE814-203F-3774-9B22-8739BBE312E1} = {E5CAE814-203F-3774-9B22-8739BBE312E1}
	EndProjectSection
EndProject
Project("{8BC9CEB8-8B4A-11D0-8D11-00A0C91BC942}") = "ext_xxtea", "engine\external\xxtea\ext_xxtea.vcxproj", "{A191D4E0-4BAC-377C-8AFB-DF02927AEAA5}"
	ProjectSection(ProjectDependencies) = postProject
		{E5CAE814-203F-3774-9B22-8739BBE312E1} = {E5CAE814-203F-3774-9B22-8739BBE312E1}
	EndProjectSection
EndProject
Project("{8BC9CEB8-8B4A-11D0-8D11-00A0C91BC942}") = "external", "engine\external\external.vcxproj", "{DECE5AE9-338B-3F0C-986E-4C6E50FDFB7C}"
	ProjectSection(ProjectDependencies) = postProject
		{E5CAE814-203F-3774-9B22-8739BBE312E1} = {E5CAE814-203F-3774-9B22-8739BBE312E1}
		{E37EE406-853D-386A-8EDE-2C6A4A61C5AB} = {E37EE406-853D-386A-8EDE-2C6A4A61C5AB}
		{C9AA832B-CBAE-3609-81D3-4A2AB599E5F1} = {C9AA832B-CBAE-3609-81D3-4A2AB599E5F1}
		{DE618267-112D-3CF1-8834-17B82057C849} = {DE618267-112D-3CF1-8834-17B82057C849}
		{BB7A8562-77D7-35B1-B1BB-A859EBE7D4D9} = {BB7A8562-77D7-35B1-B1BB-A859EBE7D4D9}
		{B06FB5E7-A543-3B27-9AB4-B2DE35E9FA37} = {B06FB5E7-A543-3B27-9AB4-B2DE35E9FA37}
		{6FC9F8E6-3A85-320C-BB43-A2E21F672C9C} = {6FC9F8E6-3A85-320C-BB43-A2E21F672C9C}
		{10D951C2-ECBF-393F-BE91-3561D5255062} = {10D951C2-ECBF-393F-BE91-3561D5255062}
		{274761FE-F25D-36FE-8324-EE175ABE39A9} = {274761FE-F25D-36FE-8324-EE175ABE39A9}
		{DBD5025C-A756-3E49-B222-71BDE0742525} = {DBD5025C-A756-3E49-B222-71BDE0742525}
		{A191D4E0-4BAC-377C-8AFB-DF02927AEAA5} = {A191D4E0-4BAC-377C-8AFB-DF02927AEAA5}
	EndProjectSection
EndProject
Global
	GlobalSection(SolutionConfigurationPlatforms) = preSolution
		Debug|Win32 = Debug|Win32
		Release|Win32 = Release|Win32
		MinSizeRel|Win32 = MinSizeRel|Win32
		RelWithDebInfo|Win32 = RelWithDebInfo|Win32
	EndGlobalSection
	GlobalSection(ProjectConfigurationPlatforms) = postSolution
		{33A71641-3599-3313-A367-EA5967668C30}.Debug|Win32.ActiveCfg = Debug|Win32
		{33A71641-3599-3313-A367-EA5967668C30}.Release|Win32.ActiveCfg = Release|Win32
		{33A71641-3599-3313-A367-EA5967668C30}.MinSizeRel|Win32.ActiveCfg = MinSizeRel|Win32
		{33A71641-3599-3313-A367-EA5967668C30}.RelWithDebInfo|Win32.ActiveCfg = RelWithDebInfo|Win32
		{8DD6A85E-CFE6-3EBF-8201-10C59AA499FC}.Debug|Win32.ActiveCfg = Debug|Win32
		{8DD6A85E-CFE6-3EBF-8201-10C59AA499FC}.Debug|Win32.Build.0 = Debug|Win32
		{8DD6A85E-CFE6-3EBF-8201-10C59AA499FC}.Release|Win32.ActiveCfg = Release|Win32
		{8DD6A85E-CFE6-3EBF-8201-10C59AA499FC}.Release|Win32.Build.0 = Release|Win32
		{8DD6A85E-CFE6-3EBF-8201-10C59AA499FC}.MinSizeRel|Win32.ActiveCfg = MinSizeRel|Win32
		{8DD6A85E-CFE6-3EBF-8201-10C59AA499FC}.MinSizeRel|Win32.Build.0 = MinSizeRel|Win32
		{8DD6A85E-CFE6-3EBF-8201-10C59AA499FC}.RelWithDebInfo|Win32.ActiveCfg = RelWithDebInfo|Win32
		{8DD6A85E-CFE6-3EBF-8201-10C59AA499FC}.RelWithDebInfo|Win32.Build.0 = RelWithDebInfo|Win32
		{7E0C91FF-9248-3382-8C3F-A5D4B4FF2027}.Debug|Win32.ActiveCfg = Debug|Win32
		{7E0C91FF-9248-3382-8C3F-A5D4B4FF2027}.Debug|Win32.Build.0 = Debug|Win32
		{7E0C91FF-9248-3382-8C3F-A5D4B4FF2027}.Release|Win32.ActiveCfg = Release|Win32
		{7E0C91FF-9248-3382-8C3F-A5D4B4FF2027}.Release|Win32.Build.0 = Release|Win32
		{7E0C91FF-9248-3382-8C3F-A5D4B4FF2027}.MinSizeRel|Win32.ActiveCfg = MinSizeRel|Win32
		{7E0C91FF-9248-3382-8C3F-A5D4B4FF2027}.MinSizeRel|Win32.Build.0 = MinSizeRel|Win32
		{7E0C91FF-9248-3382-8C3F-A5D4B4FF2027}.RelWithDebInfo|Win32.ActiveCfg = RelWithDebInfo|Win32
		{7E0C91FF-9248-3382-8C3F-A5D4B4FF2027}.RelWithDebInfo|Win32.Build.0 = RelWithDebInfo|Win32
		{E5CAE814-203F-3774-9B22-8739BBE312E1}.Debug|Win32.ActiveCfg = Debug|Win32
		{E5CAE814-203F-3774-9B22-8739BBE312E1}.Debug|Win32.Build.0 = Debug|Win32
		{E5CAE814-203F-3774-9B22-8739BBE312E1}.Release|Win32.ActiveCfg = Release|Win32
		{E5CAE814-203F-3774-9B22-8739BBE312E1}.Release|Win32.Build.0 = Release|Win32
		{E5CAE814-203F-3774-9B22-8739BBE312E1}.MinSizeRel|Win32.ActiveCfg = MinSizeRel|Win32
		{E5CAE814-203F-3774-9B22-8739BBE312E1}.MinSizeRel|Win32.Build.0 = MinSizeRel|Win32
		{E5CAE814-203F-3774-9B22-8739BBE312E1}.RelWithDebInfo|Win32.ActiveCfg = RelWithDebInfo|Win32
		{E5CAE814-203F-3774-9B22-8739BBE312E1}.RelWithDebInfo|Win32.Build.0 = RelWithDebInfo|Win32
		{077D26E1-BD14-3878-8FCD-997CA5F10531}.Debug|Win32.ActiveCfg = Debug|Win32
		{077D26E1-BD14-3878-8FCD-997CA5F10531}.Debug|Win32.Build.0 = Debug|Win32
		{077D26E1-BD14-3878-8FCD-997CA5F10531}.Release|Win32.ActiveCfg = Release|Win32
		{077D26E1-BD14-3878-8FCD-997CA5F10531}.Release|Win32.Build.0 = Release|Win32
		{077D26E1-BD14-3878-8FCD-997CA5F10531}.MinSizeRel|Win32.ActiveCfg = MinSizeRel|Win32
		{077D26E1-BD14-3878-8FCD-997CA5F10531}.MinSizeRel|Win32.Build.0 = MinSizeRel|Win32
		{077D26E1-BD14-3878-8FCD-997CA5F10531}.RelWithDebInfo|Win32.ActiveCfg = RelWithDebInfo|Win32
		{077D26E1-BD14-3878-8FCD-997CA5F10531}.RelWithDebInfo|Win32.Build.0 = RelWithDebInfo|Win32
		{E37EE406-853D-386A-8EDE-2C6A4A61C5AB}.Debug|Win32.ActiveCfg = Debug|Win32
		{E37EE406-853D-386A-8EDE-2C6A4A61C5AB}.Debug|Win32.Build.0 = Debug|Win32
		{E37EE406-853D-386A-8EDE-2C6A4A61C5AB}.Release|Win32.ActiveCfg = Release|Win32
		{E37EE406-853D-386A-8EDE-2C6A4A61C5AB}.Release|Win32.Build.0 = Release|Win32
		{E37EE406-853D-386A-8EDE-2C6A4A61C5AB}.MinSizeRel|Win32.ActiveCfg = MinSizeRel|Win32
		{E37EE406-853D-386A-8EDE-2C6A4A61C5AB}.MinSizeRel|Win32.Build.0 = MinSizeRel|Win32
		{E37EE406-853D-386A-8EDE-2C6A4A61C5AB}.RelWithDebInfo|Win32.ActiveCfg = RelWithDebInfo|Win32
		{E37EE406-853D-386A-8EDE-2C6A4A61C5AB}.RelWithDebInfo|Win32.Build.0 = RelWithDebInfo|Win32
		{C9AA832B-CBAE-3609-81D3-4A2AB599E5F1}.Debug|Win32.ActiveCfg = Debug|Win32
		{C9AA832B-CBAE-3609-81D3-4A2AB599E5F1}.Debug|Win32.Build.0 = Debug|Win32
		{C9AA832B-CBAE-3609-81D3-4A2AB599E5F1}.Release|Win32.ActiveCfg = Release|Win32
		{C9AA832B-CBAE-3609-81D3-4A2AB599E5F1}.Release|Win32.Build.0 = Release|Win32
		{C9AA832B-CBAE-3609-81D3-4A2AB599E5F1}.MinSizeRel|Win32.ActiveCfg = MinSizeRel|Win32
		{C9AA832B-CBAE-3609-81D3-4A2AB599E5F1}.MinSizeRel|Win32.Build.0 = MinSizeRel|Win32
		{C9AA832B-CBAE-3609-81D3-4A2AB599E5F1}.RelWithDebInfo|Win32.ActiveCfg = RelWithDebInfo|Win32
		{C9AA832B-CBAE-3609-81D3-4A2AB599E5F1}.RelWithDebInfo|Win32.Build.0 = RelWithDebInfo|Win32
		{DE618267-112D-3CF1-8834-17B82057C849}.Debug|Win32.ActiveCfg = Debug|Win32
		{DE618267-112D-3CF1-8834-17B82057C849}.Debug|Win32.Build.0 = Debug|Win32
		{DE618267-112D-3CF1-8834-17B82057C849}.Release|Win32.ActiveCfg = Release|Win32
		{DE618267-112D-3CF1-8834-17B82057C849}.Release|Win32.Build.0 = Release|Win32
		{DE618267-112D-3CF1-8834-17B82057C849}.MinSizeRel|Win32.ActiveCfg = MinSizeRel|Win32
		{DE618267-112D-3CF1-8834-17B82057C849}.MinSizeRel|Win32.Build.0 = MinSizeRel|Win32
		{DE618267-112D-3CF1-8834-17B82057C849}.RelWithDebInfo|Win32.ActiveCfg = RelWithDebInfo|Win32
		{DE618267-112D-3CF1-8834-17B82057C849}.RelWithDebInfo|Win32.Build.0 = RelWithDebInfo|Win32
		{BB7A8562-77D7-35B1-B1BB-A859EBE7D4D9}.Debug|Win32.ActiveCfg = Debug|Win32
		{BB7A8562-77D7-35B1-B1BB-A859EBE7D4D9}.Debug|Win32.Build.0 = Debug|Win32
		{BB7A8562-77D7-35B1-B1BB-A859EBE7D4D9}.Release|Win32.ActiveCfg = Release|Win32
		{BB7A8562-77D7-35B1-B1BB-A859EBE7D4D9}.Release|Win32.Build.0 = Release|Win32
		{BB7A8562-77D7-35B1-B1BB-A859EBE7D4D9}.MinSizeRel|Win32.ActiveCfg = MinSizeRel|Win32
		{BB7A8562-77D7-35B1-B1BB-A859EBE7D4D9}.MinSizeRel|Win32.Build.0 = MinSizeRel|Win32
		{BB7A8562-77D7-35B1-B1BB-A859EBE7D4D9}.RelWithDebInfo|Win32.ActiveCfg = RelWithDebInfo|Win32
		{BB7A8562-77D7-35B1-B1BB-A859EBE7D4D9}.RelWithDebInfo|Win32.Build.0 = RelWithDebInfo|Win32
		{B06FB5E7-A543-3B27-9AB4-B2DE35E9FA37}.Debug|Win32.ActiveCfg = Debug|Win32
		{B06FB5E7-A543-3B27-9AB4-B2DE35E9FA37}.Debug|Win32.Build.0 = Debug|Win32
		{B06FB5E7-A543-3B27-9AB4-B2DE35E9FA37}.Release|Win32.ActiveCfg = Release|Win32
		{B06FB5E7-A543-3B27-9AB4-B2DE35E9FA37}.Release|Win32.Build.0 = Release|Win32
		{B06FB5E7-A543-3B27-9AB4-B2DE35E9FA37}.MinSizeRel|Win32.ActiveCfg = MinSizeRel|Win32
		{B06FB5E7-A543-3B27-9AB4-B2DE35E9FA37}.MinSizeRel|Win32.Build.0 = MinSizeRel|Win32
		{B06FB5E7-A543-3B27-9AB4-B2DE35E9FA37}.RelWithDebInfo|Win32.ActiveCfg = RelWithDebInfo|Win32
		{B06FB5E7-A543-3B27-9AB4-B2DE35E9FA37}.RelWithDebInfo|Win32.Build.0 = RelWithDebInfo|Win32
		{6FC9F8E6-3A85-320C-BB43-A2E21F672C9C}.Debug|Win32.ActiveCfg = Debug|Win32
		{6FC9F8E6-3A85-320C-BB43-A2E21F672C9C}.Debug|Win32.Build.0 = Debug|Win32
		{6FC9F8E6-3A85-320C-BB43-A2E21F672C9C}.Release|Win32.ActiveCfg = Release|Win32
		{6FC9F8E6-3A85-320C-BB43-A2E21F672C9C}.Release|Win32.Build.0 = Release|Win32
		{6FC9F8E6-3A85-320C-BB43-A2E21F672C9C}.MinSizeRel|Win32.ActiveCfg = MinSizeRel|Win32
		{6FC9F8E6-3A85-320C-BB43-A2E21F672C9C}.MinSizeRel|Win32.Build.0 = MinSizeRel|Win32
		{6FC9F8E6-3A85-320C-BB43-A2E21F672C9C}.RelWithDebInfo|Win32.ActiveCfg = RelWithDebInfo|Win32
		{6FC9F8E6-3A85-320C-BB43-A2E21F672C9C}.RelWithDebInfo|Win32.Build.0 = RelWithDebInfo|Win32
		{10D951C2-ECBF-393F-BE91-3561D5255062}.Debug|Win32.ActiveCfg = Debug|Win32
		{10D951C2-ECBF-393F-BE91-3561D5255062}.Debug|Win32.Build.0 = Debug|Win32
		{10D951C2-ECBF-393F-BE91-3561D5255062}.Release|Win32.ActiveCfg = Release|Win32
		{10D951C2-ECBF-393F-BE91-3561D5255062}.Release|Win32.Build.0 = Release|Win32
		{10D951C2-ECBF-393F-BE91-3561D5255062}.MinSizeRel|Win32.ActiveCfg = MinSizeRel|Win32
		{10D951C2-ECBF-393F-BE91-3561D5255062}.MinSizeRel|Win32.Build.0 = MinSizeRel|Win32
		{10D951C2-ECBF-393F-BE91-3561D5255062}.RelWithDebInfo|Win32.ActiveCfg = RelWithDebInfo|Win32
		{10D951C2-ECBF-393F-BE91-3561D5255062}.RelWithDebInfo|Win32.Build.0 = RelWithDebInfo|Win32
		{274761FE-F25D-36FE-8324-EE175ABE39A9}.Debug|Win32.ActiveCfg = Debug|Win32
		{274761FE-F25D-36FE-8324-EE175ABE39A9}.Debug|Win32.Build.0 = Debug|Win32
		{274761FE-F25D-36FE-8324-EE175ABE39A9}.Release|Win32.ActiveCfg = Release|Win32
		{274761FE-F25D-36FE-8324-EE175ABE39A9}.Release|Win32.Build.0 = Release|Win32
		{274761FE-F25D-36FE-8324-EE175ABE39A9}.MinSizeRel|Win32.ActiveCfg = MinSizeRel|Win32
		{274761FE-F25D-36FE-8324-EE175ABE39A9}.MinSizeRel|Win32.Build.0 = MinSizeRel|Win32
		{274761FE-F25D-36FE-8324-EE175ABE39A9}.RelWithDebInfo|Win32.ActiveCfg = RelWithDebInfo|Win32
		{274761FE-F25D-36FE-8324-EE175ABE39A9}.RelWithDebInfo|Win32.Build.0 = RelWithDebInfo|Win32
		{DBD5025C-A756-3E49-B222-71BDE0742525}.Debug|Win32.ActiveCfg = Debug|Win32
		{DBD5025C-A756-3E49-B222-71BDE0742525}.Debug|Win32.Build.0 = Debug|Win32
		{DBD5025C-A756-3E49-B222-71BDE0742525}.Release|Win32.ActiveCfg = Release|Win32
		{DBD5025C-A756-3E49-B222-71BDE0742525}.Release|Win32.Build.0 = Release|Win32
		{DBD5025C-A756-3E49-B222-71BDE0742525}.MinSizeRel|Win32.ActiveCfg = MinSizeRel|Win32
		{DBD5025C-A756-3E49-B222-71BDE0742525}.MinSizeRel|Win32.Build.0 = MinSizeRel|Win32
		{DBD5025C-A756-3E49-B222-71BDE0742525}.RelWithDebInfo|Win32.ActiveCfg = RelWithDebInfo|Win32
		{DBD5025C-A756-3E49-B222-71BDE0742525}.RelWithDebInfo|Win32.Build.0 = RelWithDebInfo|Win32
		{A191D4E0-4BAC-377C-8AFB-DF02927AEAA5}.Debug|Win32.ActiveCfg = Debug|Win32
		{A191D4E0-4BAC-377C-8AFB-DF02927AEAA5}.Debug|Win32.Build.0 = Debug|Win32
		{A191D4E0-4BAC-377C-8AFB-DF02927AEAA5}.Release|Win32.ActiveCfg = Release|Win32
		{A191D4E0-4BAC-377C-8AFB-DF02927AEAA5}.Release|Win32.Build.0 = Release|Win32
		{A191D4E0-4BAC-377C-8AFB-DF02927AEAA5}.MinSizeRel|Win32.ActiveCfg = MinSizeRel|Win32
		{A191D4E0-4BAC-377C-8AFB-DF02927AEAA5}.MinSizeRel|Win32.Build.0 = MinSizeRel|Win32
		{A191D4E0-4BAC-377C-8AFB-DF02927AEAA5}.RelWithDebInfo|Win32.ActiveCfg = RelWithDebInfo|Win32
		{A191D4E0-4BAC-377C-8AFB-DF02927AEAA5}.RelWithDebInfo|Win32.Build.0 = RelWithDebInfo|Win32
		{DECE5AE9-338B-3F0C-986E-4C6E50FDFB7C}.Debug|Win32.ActiveCfg = Debug|Win32
		{DECE5AE9-338B-3F0C-986E-4C6E50FDFB7C}.Debug|Win32.Build.0 = Debug|Win32
		{DECE5AE9-338B-3F0C-986E-4C6E50FDFB7C}.Release|Win32.ActiveCfg = Release|Win32
		{DECE5AE9-338B-3F0C-986E-4C6E50FDFB7C}.Release|Win32.Build.0 = Release|Win32
		{DECE5AE9-338B-3F0C-986E-4C6E50FDFB7C}.MinSizeRel|Win32.ActiveCfg = MinSizeRel|Win32
		{DECE5AE9-338B-3F0C-986E-4C6E50FDFB7C}.MinSizeRel|Win32.Build.0 = MinSizeRel|Win32
		{DECE5AE9-338B-3F0C-986E-4C6E50FDFB7C}.RelWithDebInfo|Win32.ActiveCfg = RelWithDebInfo|Win32
		{DECE5AE9-338B-3F0C-986E-4C6E50FDFB7C}.RelWithDebInfo|Win32.Build.0 = RelWithDebInfo|Win32
	EndGlobalSection
	GlobalSection(NestedProjects) = preSolution
		{33A71641-3599-3313-A367-EA5967668C30} = {B6FAAAD1-683E-33DA-AAB5-3986C64C98CA}
		{E5CAE814-203F-3774-9B22-8739BBE312E1} = {B6FAAAD1-683E-33DA-AAB5-3986C64C98CA}
		{E37EE406-853D-386A-8EDE-2C6A4A61C5AB} = {D573629E-5C31-3045-BE17-E175720B2AEE}
		{C9AA832B-CBAE-3609-81D3-4A2AB599E5F1} = {D573629E-5C31-3045-BE17-E175720B2AEE}
		{DE618267-112D-3CF1-8834-17B82057C849} = {D573629E-5C31-3045-BE17-E175720B2AEE}
		{BB7A8562-77D7-35B1-B1BB-A859EBE7D4D9} = {D573629E-5C31-3045-BE17-E175720B2AEE}
		{B06FB5E7-A543-3B27-9AB4-B2DE35E9FA37} = {D573629E-5C31-3045-BE17-E175720B2AEE}
		{6FC9F8E6-3A85-320C-BB43-A2E21F672C9C} = {D573629E-5C31-3045-BE17-E175720B2AEE}
		{10D951C2-ECBF-393F-BE91-3561D5255062} = {D573629E-5C31-3045-BE17-E175720B2AEE}
		{274761FE-F25D-36FE-8324-EE175ABE39A9} = {D573629E-5C31-3045-BE17-E175720B2AEE}
		{DBD5025C-A756-3E49-B222-71BDE0742525} = {D573629E-5C31-3045-BE17-E175720B2AEE}
		{A191D4E0-4BAC-377C-8AFB-DF02927AEAA5} = {D573629E-5C31-3045-BE17-E175720B2AEE}
		{DECE5AE9-338B-3F0C-986E-4C6E50FDFB7C} = {D573629E-5C31-3045-BE17-E175720B2AEE}
		{077D26E1-BD14-3878-8FCD-997CA5F10531} = {5A0A4E9D-E365-315C-9650-9145376CD499}
		{7E0C91FF-9248-3382-8C3F-A5D4B4FF2027} = {7DA6F3E5-2A65-3D55-9E03-678D769E80F1}
	EndGlobalSection
	GlobalSection(ExtensibilityGlobals) = postSolution
		SolutionGuid = {041545B7-65EB-34D8-92C7-9C0E26791655}
	EndGlobalSection
	GlobalSection(ExtensibilityAddIns) = postSolution
	EndGlobalSection
EndGlobal
